// !$*UTF8*$!
{
	archiveVersion = 1;
	classes = {
	};
	objectVersion = 46;
	objects = {

/* Begin PBXBuildFile section */
		01FCE92913EEDFBB44A8B5BB /* Pods_PulldownMenu.framework in Frameworks */ = {isa = PBXBuildFile; fileRef = 5D990E0FDC580C51D638F964 /* Pods_PulldownMenu.framework */; };
		480EDBC71DC2F2E0003B2ACB /* main.m in Sources */ = {isa = PBXBuildFile; fileRef = 480EDBC61DC2F2E0003B2ACB /* main.m */; };
		480EDBCA1DC2F2E0003B2ACB /* AppDelegate.m in Sources */ = {isa = PBXBuildFile; fileRef = 480EDBC91DC2F2E0003B2ACB /* AppDelegate.m */; };
		480EDBCD1DC2F2E0003B2ACB /* ViewController.m in Sources */ = {isa = PBXBuildFile; fileRef = 480EDBCC1DC2F2E0003B2ACB /* ViewController.m */; };
		480EDBD01DC2F2E0003B2ACB /* Main.storyboard in Resources */ = {isa = PBXBuildFile; fileRef = 480EDBCE1DC2F2E0003B2ACB /* Main.storyboard */; };
		480EDBD21DC2F2E0003B2ACB /* Assets.xcassets in Resources */ = {isa = PBXBuildFile; fileRef = 480EDBD11DC2F2E0003B2ACB /* Assets.xcassets */; };
		480EDBD51DC2F2E0003B2ACB /* LaunchScreen.storyboard in Resources */ = {isa = PBXBuildFile; fileRef = 480EDBD31DC2F2E0003B2ACB /* LaunchScreen.storyboard */; };
		480EDBE01DC2F2E1003B2ACB /* PulldownMenuTests.m in Sources */ = {isa = PBXBuildFile; fileRef = 480EDBDF1DC2F2E1003B2ACB /* PulldownMenuTests.m */; };
		480EDBEB1DC2F2E1003B2ACB /* PulldownMenuUITests.m in Sources */ = {isa = PBXBuildFile; fileRef = 480EDBEA1DC2F2E1003B2ACB /* PulldownMenuUITests.m */; };
		4829BCBB1DEE6F0400CD0C54 /* SecondaryListView.m in Sources */ = {isa = PBXBuildFile; fileRef = 4829BCBA1DEE6F0400CD0C54 /* SecondaryListView.m */; };
		4833CB7B1DED5F8E005803C8 /* FirstStyleCollectionViewCell.m in Sources */ = {isa = PBXBuildFile; fileRef = 4833CB7A1DED5F8E005803C8 /* FirstStyleCollectionViewCell.m */; };
		4833CB7E1DED5FC2005803C8 /* CellModel.m in Sources */ = {isa = PBXBuildFile; fileRef = 4833CB7D1DED5FC2005803C8 /* CellModel.m */; };
		4833CB811DED65AE005803C8 /* SecondStyleCollectionViewCell.m in Sources */ = {isa = PBXBuildFile; fileRef = 4833CB801DED65AE005803C8 /* SecondStyleCollectionViewCell.m */; };
		4845C8B21DD99A95009A7436 /* CVEDropDownBtnView.m in Sources */ = {isa = PBXBuildFile; fileRef = 4845C8AE1DD99A95009A7436 /* CVEDropDownBtnView.m */; };
		4845C8B31DD99A95009A7436 /* CVEDropView.m in Sources */ = {isa = PBXBuildFile; fileRef = 4845C8B01DD99A95009A7436 /* CVEDropView.m */; };
		4845C8B61DD9A571009A7436 /* DropDownViewController.m in Sources */ = {isa = PBXBuildFile; fileRef = 4845C8B51DD9A571009A7436 /* DropDownViewController.m */; };
		487DF7D21DE5C14800A6A8B8 /* dropModel.m in Sources */ = {isa = PBXBuildFile; fileRef = 487DF7D11DE5C14800A6A8B8 /* dropModel.m */; };
/* End PBXBuildFile section */

/* Begin PBXContainerItemProxy section */
		480EDBDC1DC2F2E1003B2ACB /* PBXContainerItemProxy */ = {
			isa = PBXContainerItemProxy;
			containerPortal = 480EDBBA1DC2F2DF003B2ACB /* Project object */;
			proxyType = 1;
			remoteGlobalIDString = 480EDBC11DC2F2E0003B2ACB;
			remoteInfo = PulldownMenu;
		};
		480EDBE71DC2F2E1003B2ACB /* PBXContainerItemProxy */ = {
			isa = PBXContainerItemProxy;
			containerPortal = 480EDBBA1DC2F2DF003B2ACB /* Project object */;
			proxyType = 1;
			remoteGlobalIDString = 480EDBC11DC2F2E0003B2ACB;
			remoteInfo = PulldownMenu;
		};
/* End PBXContainerItemProxy section */

/* Begin PBXFileReference section */
		480EDBC21DC2F2E0003B2ACB /* PulldownMenu.app */ = {isa = PBXFileReference; explicitFileType = wrapper.application; includeInIndex = 0; path = PulldownMenu.app; sourceTree = BUILT_PRODUCTS_DIR; };
		480EDBC61DC2F2E0003B2ACB /* main.m */ = {isa = PBXFileReference; lastKnownFileType = sourcecode.c.objc; path = main.m; sourceTree = "<group>"; };
		480EDBC81DC2F2E0003B2ACB /* AppDelegate.h */ = {isa = PBXFileReference; lastKnownFileType = sourcecode.c.h; path = AppDelegate.h; sourceTree = "<group>"; };
		480EDBC91DC2F2E0003B2ACB /* AppDelegate.m */ = {isa = PBXFileReference; lastKnownFileType = sourcecode.c.objc; path = AppDelegate.m; sourceTree = "<group>"; };
		480EDBCB1DC2F2E0003B2ACB /* ViewController.h */ = {isa = PBXFileReference; lastKnownFileType = sourcecode.c.h; path = ViewController.h; sourceTree = "<group>"; };
		480EDBCC1DC2F2E0003B2ACB /* ViewController.m */ = {isa = PBXFileReference; lastKnownFileType = sourcecode.c.objc; path = ViewController.m; sourceTree = "<group>"; };
		480EDBCF1DC2F2E0003B2ACB /* Base */ = {isa = PBXFileReference; lastKnownFileType = file.storyboard; name = Base; path = Base.lproj/Main.storyboard; sourceTree = "<group>"; };
		480EDBD11DC2F2E0003B2ACB /* Assets.xcassets */ = {isa = PBXFileReference; lastKnownFileType = folder.assetcatalog; path = Assets.xcassets; sourceTree = "<group>"; };
		480EDBD41DC2F2E0003B2ACB /* Base */ = {isa = PBXFileReference; lastKnownFileType = file.storyboard; name = Base; path = Base.lproj/LaunchScreen.storyboard; sourceTree = "<group>"; };
		480EDBD61DC2F2E0003B2ACB /* Info.plist */ = {isa = PBXFileReference; lastKnownFileType = text.plist.xml; path = Info.plist; sourceTree = "<group>"; };
		480EDBDB1DC2F2E1003B2ACB /* PulldownMenuTests.xctest */ = {isa = PBXFileReference; explicitFileType = wrapper.cfbundle; includeInIndex = 0; path = PulldownMenuTests.xctest; sourceTree = BUILT_PRODUCTS_DIR; };
		480EDBDF1DC2F2E1003B2ACB /* PulldownMenuTests.m */ = {isa = PBXFileReference; lastKnownFileType = sourcecode.c.objc; path = PulldownMenuTests.m; sourceTree = "<group>"; };
		480EDBE11DC2F2E1003B2ACB /* Info.plist */ = {isa = PBXFileReference; lastKnownFileType = text.plist.xml; path = Info.plist; sourceTree = "<group>"; };
		480EDBE61DC2F2E1003B2ACB /* PulldownMenuUITests.xctest */ = {isa = PBXFileReference; explicitFileType = wrapper.cfbundle; includeInIndex = 0; path = PulldownMenuUITests.xctest; sourceTree = BUILT_PRODUCTS_DIR; };
		480EDBEA1DC2F2E1003B2ACB /* PulldownMenuUITests.m */ = {isa = PBXFileReference; lastKnownFileType = sourcecode.c.objc; path = PulldownMenuUITests.m; sourceTree = "<group>"; };
		480EDBEC1DC2F2E1003B2ACB /* Info.plist */ = {isa = PBXFileReference; lastKnownFileType = text.plist.xml; path = Info.plist; sourceTree = "<group>"; };
		480EDBFD1DC2F9D4003B2ACB /* PrefixHeader.pch */ = {isa = PBXFileReference; lastKnownFileType = sourcecode.c.h; path = PrefixHeader.pch; sourceTree = "<group>"; };
		4829BCB91DEE6F0400CD0C54 /* SecondaryListView.h */ = {isa = PBXFileReference; fileEncoding = 4; lastKnownFileType = sourcecode.c.h; path = SecondaryListView.h; sourceTree = "<group>"; };
		4829BCBA1DEE6F0400CD0C54 /* SecondaryListView.m */ = {isa = PBXFileReference; fileEncoding = 4; lastKnownFileType = sourcecode.c.objc; path = SecondaryListView.m; sourceTree = "<group>"; };
		4833CB791DED5F8E005803C8 /* FirstStyleCollectionViewCell.h */ = {isa = PBXFileReference; fileEncoding = 4; lastKnownFileType = sourcecode.c.h; path = FirstStyleCollectionViewCell.h; sourceTree = "<group>"; };
		4833CB7A1DED5F8E005803C8 /* FirstStyleCollectionViewCell.m */ = {isa = PBXFileReference; fileEncoding = 4; lastKnownFileType = sourcecode.c.objc; path = FirstStyleCollectionViewCell.m; sourceTree = "<group>"; };
		4833CB7C1DED5FC2005803C8 /* CellModel.h */ = {isa = PBXFileReference; fileEncoding = 4; lastKnownFileType = sourcecode.c.h; path = CellModel.h; sourceTree = "<group>"; };
		4833CB7D1DED5FC2005803C8 /* CellModel.m */ = {isa = PBXFileReference; fileEncoding = 4; lastKnownFileType = sourcecode.c.objc; path = CellModel.m; sourceTree = "<group>"; };
		4833CB7F1DED65AE005803C8 /* SecondStyleCollectionViewCell.h */ = {isa = PBXFileReference; fileEncoding = 4; lastKnownFileType = sourcecode.c.h; path = SecondStyleCollectionViewCell.h; sourceTree = "<group>"; };
		4833CB801DED65AE005803C8 /* SecondStyleCollectionViewCell.m */ = {isa = PBXFileReference; fileEncoding = 4; lastKnownFileType = sourcecode.c.objc; path = SecondStyleCollectionViewCell.m; sourceTree = "<group>"; };
		4845C8AD1DD99A95009A7436 /* CVEDropDownBtnView.h */ = {isa = PBXFileReference; fileEncoding = 4; lastKnownFileType = sourcecode.c.h; path = CVEDropDownBtnView.h; sourceTree = "<group>"; };
		4845C8AE1DD99A95009A7436 /* CVEDropDownBtnView.m */ = {isa = PBXFileReference; fileEncoding = 4; lastKnownFileType = sourcecode.c.objc; path = CVEDropDownBtnView.m; sourceTree = "<group>"; };
		4845C8AF1DD99A95009A7436 /* CVEDropView.h */ = {isa = PBXFileReference; fileEncoding = 4; lastKnownFileType = sourcecode.c.h; path = CVEDropView.h; sourceTree = "<group>"; };
		4845C8B01DD99A95009A7436 /* CVEDropView.m */ = {isa = PBXFileReference; fileEncoding = 4; lastKnownFileType = sourcecode.c.objc; path = CVEDropView.m; sourceTree = "<group>"; };
		4845C8B41DD9A571009A7436 /* DropDownViewController.h */ = {isa = PBXFileReference; fileEncoding = 4; lastKnownFileType = sourcecode.c.h; path = DropDownViewController.h; sourceTree = "<group>"; };
		4845C8B51DD9A571009A7436 /* DropDownViewController.m */ = {isa = PBXFileReference; fileEncoding = 4; lastKnownFileType = sourcecode.c.objc; path = DropDownViewController.m; sourceTree = "<group>"; };
		487DF7D01DE5C14800A6A8B8 /* dropModel.h */ = {isa = PBXFileReference; fileEncoding = 4; lastKnownFileType = sourcecode.c.h; path = dropModel.h; sourceTree = "<group>"; };
		487DF7D11DE5C14800A6A8B8 /* dropModel.m */ = {isa = PBXFileReference; fileEncoding = 4; lastKnownFileType = sourcecode.c.objc; path = dropModel.m; sourceTree = "<group>"; };
		5D990E0FDC580C51D638F964 /* Pods_PulldownMenu.framework */ = {isa = PBXFileReference; explicitFileType = wrapper.framework; includeInIndex = 0; path = Pods_PulldownMenu.framework; sourceTree = BUILT_PRODUCTS_DIR; };
		862F3B0FA96A9812CF1B174A /* Pods-PulldownMenu.release.xcconfig */ = {isa = PBXFileReference; includeInIndex = 1; lastKnownFileType = text.xcconfig; name = "Pods-PulldownMenu.release.xcconfig"; path = "Pods/Target Support Files/Pods-PulldownMenu/Pods-PulldownMenu.release.xcconfig"; sourceTree = "<group>"; };
		E8CF4C04C3E1E7EFCE823410 /* Pods-PulldownMenu.debug.xcconfig */ = {isa = PBXFileReference; includeInIndex = 1; lastKnownFileType = text.xcconfig; name = "Pods-PulldownMenu.debug.xcconfig"; path = "Pods/Target Support Files/Pods-PulldownMenu/Pods-PulldownMenu.debug.xcconfig"; sourceTree = "<group>"; };
/* End PBXFileReference section */

/* Begin PBXFrameworksBuildPhase section */
		480EDBBF1DC2F2E0003B2ACB /* Frameworks */ = {
			isa = PBXFrameworksBuildPhase;
			buildActionMask = 2147483647;
			files = (
				01FCE92913EEDFBB44A8B5BB /* Pods_PulldownMenu.framework in Frameworks */,
			);
			runOnlyForDeploymentPostprocessing = 0;
		};
		480EDBD81DC2F2E1003B2ACB /* Frameworks */ = {
			isa = PBXFrameworksBuildPhase;
			buildActionMask = 2147483647;
			files = (
			);
			runOnlyForDeploymentPostprocessing = 0;
		};
		480EDBE31DC2F2E1003B2ACB /* Frameworks */ = {
			isa = PBXFrameworksBuildPhase;
			buildActionMask = 2147483647;
			files = (
			);
			runOnlyForDeploymentPostprocessing = 0;
		};
/* End PBXFrameworksBuildPhase section */

/* Begin PBXGroup section */
		480EDBB91DC2F2DF003B2ACB = {
			isa = PBXGroup;
			children = (
				4845C8A71DD99A95009A7436 /* DropDownView */,
				480EDBC41DC2F2E0003B2ACB /* PulldownMenu */,
				480EDBDE1DC2F2E1003B2ACB /* PulldownMenuTests */,
				480EDBE91DC2F2E1003B2ACB /* PulldownMenuUITests */,
				480EDBC31DC2F2E0003B2ACB /* Products */,
				E6288A76AD37D91AB001B814 /* Pods */,
				DF426B483BA979DB74C0A17F /* Frameworks */,
			);
			sourceTree = "<group>";
		};
		480EDBC31DC2F2E0003B2ACB /* Products */ = {
			isa = PBXGroup;
			children = (
				480EDBC21DC2F2E0003B2ACB /* PulldownMenu.app */,
				480EDBDB1DC2F2E1003B2ACB /* PulldownMenuTests.xctest */,
				480EDBE61DC2F2E1003B2ACB /* PulldownMenuUITests.xctest */,
			);
			name = Products;
			sourceTree = "<group>";
		};
		480EDBC41DC2F2E0003B2ACB /* PulldownMenu */ = {
			isa = PBXGroup;
			children = (
				480EDBC81DC2F2E0003B2ACB /* AppDelegate.h */,
				480EDBC91DC2F2E0003B2ACB /* AppDelegate.m */,
				480EDBCB1DC2F2E0003B2ACB /* ViewController.h */,
				480EDBCC1DC2F2E0003B2ACB /* ViewController.m */,
				480EDBFD1DC2F9D4003B2ACB /* PrefixHeader.pch */,
				480EDBCE1DC2F2E0003B2ACB /* Main.storyboard */,
				480EDBD11DC2F2E0003B2ACB /* Assets.xcassets */,
				480EDBD31DC2F2E0003B2ACB /* LaunchScreen.storyboard */,
				480EDBD61DC2F2E0003B2ACB /* Info.plist */,
				480EDBC51DC2F2E0003B2ACB /* Supporting Files */,
			);
			path = PulldownMenu;
			sourceTree = "<group>";
		};
		480EDBC51DC2F2E0003B2ACB /* Supporting Files */ = {
			isa = PBXGroup;
			children = (
				480EDBC61DC2F2E0003B2ACB /* main.m */,
			);
			name = "Supporting Files";
			sourceTree = "<group>";
		};
		480EDBDE1DC2F2E1003B2ACB /* PulldownMenuTests */ = {
			isa = PBXGroup;
			children = (
				480EDBDF1DC2F2E1003B2ACB /* PulldownMenuTests.m */,
				480EDBE11DC2F2E1003B2ACB /* Info.plist */,
			);
			path = PulldownMenuTests;
			sourceTree = "<group>";
		};
		480EDBE91DC2F2E1003B2ACB /* PulldownMenuUITests */ = {
			isa = PBXGroup;
			children = (
				480EDBEA1DC2F2E1003B2ACB /* PulldownMenuUITests.m */,
				480EDBEC1DC2F2E1003B2ACB /* Info.plist */,
			);
			path = PulldownMenuUITests;
			sourceTree = "<group>";
		};
		4845C8A71DD99A95009A7436 /* DropDownView */ = {
			isa = PBXGroup;
			children = (
				4845C8A81DD99A95009A7436 /* controller */,
				4845C8AB1DD99A95009A7436 /* model */,
				4845C8AC1DD99A95009A7436 /* view */,
			);
			path = DropDownView;
			sourceTree = "<group>";
		};
		4845C8A81DD99A95009A7436 /* controller */ = {
			isa = PBXGroup;
			children = (
				4845C8B41DD9A571009A7436 /* DropDownViewController.h */,
				4845C8B51DD9A571009A7436 /* DropDownViewController.m */,
			);
			path = controller;
			sourceTree = "<group>";
		};
		4845C8AB1DD99A95009A7436 /* model */ = {
			isa = PBXGroup;
			children = (
				487DF7D01DE5C14800A6A8B8 /* dropModel.h */,
				487DF7D11DE5C14800A6A8B8 /* dropModel.m */,
				4833CB7C1DED5FC2005803C8 /* CellModel.h */,
				4833CB7D1DED5FC2005803C8 /* CellModel.m */,
			);
			path = model;
			sourceTree = "<group>";
		};
		4845C8AC1DD99A95009A7436 /* view */ = {
			isa = PBXGroup;
			children = (
				4845C8AD1DD99A95009A7436 /* CVEDropDownBtnView.h */,
				4845C8AE1DD99A95009A7436 /* CVEDropDownBtnView.m */,
				4845C8AF1DD99A95009A7436 /* CVEDropView.h */,
				4845C8B01DD99A95009A7436 /* CVEDropView.m */,
				4829BCB91DEE6F0400CD0C54 /* SecondaryListView.h */,
				4829BCBA1DEE6F0400CD0C54 /* SecondaryListView.m */,
				4833CB791DED5F8E005803C8 /* FirstStyleCollectionViewCell.h */,
				4833CB7A1DED5F8E005803C8 /* FirstStyleCollectionViewCell.m */,
				4833CB7F1DED65AE005803C8 /* SecondStyleCollectionViewCell.h */,
				4833CB801DED65AE005803C8 /* SecondStyleCollectionViewCell.m */,
			);
			path = view;
			sourceTree = "<group>";
		};
		DF426B483BA979DB74C0A17F /* Frameworks */ = {
			isa = PBXGroup;
			children = (
				5D990E0FDC580C51D638F964 /* Pods_PulldownMenu.framework */,
			);
			name = Frameworks;
			sourceTree = "<group>";
		};
		E6288A76AD37D91AB001B814 /* Pods */ = {
			isa = PBXGroup;
			children = (
				E8CF4C04C3E1E7EFCE823410 /* Pods-PulldownMenu.debug.xcconfig */,
				862F3B0FA96A9812CF1B174A /* Pods-PulldownMenu.release.xcconfig */,
			);
			name = Pods;
			sourceTree = "<group>";
		};
/* End PBXGroup section */

/* Begin PBXNativeTarget section */
		480EDBC11DC2F2E0003B2ACB /* PulldownMenu */ = {
			isa = PBXNativeTarget;
			buildConfigurationList = 480EDBEF1DC2F2E1003B2ACB /* Build configuration list for PBXNativeTarget "PulldownMenu" */;
			buildPhases = (
				1C72BECBD560F13DFF391F71 /* [CP] Check Pods Manifest.lock */,
				480EDBBE1DC2F2E0003B2ACB /* Sources */,
				480EDBBF1DC2F2E0003B2ACB /* Frameworks */,
				480EDBC01DC2F2E0003B2ACB /* Resources */,
				878B1740D7A651FAA6EEFC1D /* [CP] Embed Pods Frameworks */,
				6180D64A82F1881C2769E9DD /* [CP] Copy Pods Resources */,
			);
			buildRules = (
			);
			dependencies = (
			);
			name = PulldownMenu;
			productName = PulldownMenu;
			productReference = 480EDBC21DC2F2E0003B2ACB /* PulldownMenu.app */;
			productType = "com.apple.product-type.application";
		};
		480EDBDA1DC2F2E1003B2ACB /* PulldownMenuTests */ = {
			isa = PBXNativeTarget;
			buildConfigurationList = 480EDBF21DC2F2E1003B2ACB /* Build configuration list for PBXNativeTarget "PulldownMenuTests" */;
			buildPhases = (
				480EDBD71DC2F2E1003B2ACB /* Sources */,
				480EDBD81DC2F2E1003B2ACB /* Frameworks */,
				480EDBD91DC2F2E1003B2ACB /* Resources */,
			);
			buildRules = (
			);
			dependencies = (
				480EDBDD1DC2F2E1003B2ACB /* PBXTargetDependency */,
			);
			name = PulldownMenuTests;
			productName = PulldownMenuTests;
			productReference = 480EDBDB1DC2F2E1003B2ACB /* PulldownMenuTests.xctest */;
			productType = "com.apple.product-type.bundle.unit-test";
		};
		480EDBE51DC2F2E1003B2ACB /* PulldownMenuUITests */ = {
			isa = PBXNativeTarget;
			buildConfigurationList = 480EDBF51DC2F2E1003B2ACB /* Build configuration list for PBXNativeTarget "PulldownMenuUITests" */;
			buildPhases = (
				480EDBE21DC2F2E1003B2ACB /* Sources */,
				480EDBE31DC2F2E1003B2ACB /* Frameworks */,
				480EDBE41DC2F2E1003B2ACB /* Resources */,
			);
			buildRules = (
			);
			dependencies = (
				480EDBE81DC2F2E1003B2ACB /* PBXTargetDependency */,
			);
			name = PulldownMenuUITests;
			productName = PulldownMenuUITests;
			productReference = 480EDBE61DC2F2E1003B2ACB /* PulldownMenuUITests.xctest */;
			productType = "com.apple.product-type.bundle.ui-testing";
		};
/* End PBXNativeTarget section */

/* Begin PBXProject section */
		480EDBBA1DC2F2DF003B2ACB /* Project object */ = {
			isa = PBXProject;
			attributes = {
				LastUpgradeCheck = 0800;
				ORGANIZATIONNAME = houchunjiao;
				TargetAttributes = {
					480EDBC11DC2F2E0003B2ACB = {
						CreatedOnToolsVersion = 8.0;
						DevelopmentTeam = WZ8U62TZZ9;
						ProvisioningStyle = Automatic;
					};
					480EDBDA1DC2F2E1003B2ACB = {
						CreatedOnToolsVersion = 8.0;
						DevelopmentTeam = WZ8U62TZZ9;
						ProvisioningStyle = Automatic;
						TestTargetID = 480EDBC11DC2F2E0003B2ACB;
					};
					480EDBE51DC2F2E1003B2ACB = {
						CreatedOnToolsVersion = 8.0;
						DevelopmentTeam = WZ8U62TZZ9;
						ProvisioningStyle = Automatic;
						TestTargetID = 480EDBC11DC2F2E0003B2ACB;
					};
				};
			};
			buildConfigurationList = 480EDBBD1DC2F2DF003B2ACB /* Build configuration list for PBXProject "PulldownMenu" */;
			compatibilityVersion = "Xcode 3.2";
			developmentRegion = English;
			hasScannedForEncodings = 0;
			knownRegions = (
				en,
				Base,
			);
			mainGroup = 480EDBB91DC2F2DF003B2ACB;
			productRefGroup = 480EDBC31DC2F2E0003B2ACB /* Products */;
			projectDirPath = "";
			projectRoot = "";
			targets = (
				480EDBC11DC2F2E0003B2ACB /* PulldownMenu */,
				480EDBDA1DC2F2E1003B2ACB /* PulldownMenuTests */,
				480EDBE51DC2F2E1003B2ACB /* PulldownMenuUITests */,
			);
		};
/* End PBXProject section */

/* Begin PBXResourcesBuildPhase section */
		480EDBC01DC2F2E0003B2ACB /* Resources */ = {
			isa = PBXResourcesBuildPhase;
			buildActionMask = 2147483647;
			files = (
				480EDBD51DC2F2E0003B2ACB /* LaunchScreen.storyboard in Resources */,
				480EDBD21DC2F2E0003B2ACB /* Assets.xcassets in Resources */,
				480EDBD01DC2F2E0003B2ACB /* Main.storyboard in Resources */,
			);
			runOnlyForDeploymentPostprocessing = 0;
		};
		480EDBD91DC2F2E1003B2ACB /* Resources */ = {
			isa = PBXResourcesBuildPhase;
			buildActionMask = 2147483647;
			files = (
			);
			runOnlyForDeploymentPostprocessing = 0;
		};
		480EDBE41DC2F2E1003B2ACB /* Resources */ = {
			isa = PBXResourcesBuildPhase;
			buildActionMask = 2147483647;
			files = (
			);
			runOnlyForDeploymentPostprocessing = 0;
		};
/* End PBXResourcesBuildPhase section */

/* Begin PBXShellScriptBuildPhase section */
		1C72BECBD560F13DFF391F71 /* [CP] Check Pods Manifest.lock */ = {
			isa = PBXShellScriptBuildPhase;
			buildActionMask = 2147483647;
			files = (
			);
			inputPaths = (
			);
			name = "[CP] Check Pods Manifest.lock";
			outputPaths = (
			);
			runOnlyForDeploymentPostprocessing = 0;
			shellPath = /bin/sh;
			shellScript = "diff \"${PODS_ROOT}/../Podfile.lock\" \"${PODS_ROOT}/Manifest.lock\" > /dev/null\nif [[ $? != 0 ]] ; then\n    cat << EOM\nerror: The sandbox is not in sync with the Podfile.lock. Run 'pod install' or update your CocoaPods installation.\nEOM\n    exit 1\nfi\n";
			showEnvVarsInLog = 0;
		};
		6180D64A82F1881C2769E9DD /* [CP] Copy Pods Resources */ = {
			isa = PBXShellScriptBuildPhase;
			buildActionMask = 2147483647;
			files = (
			);
			inputPaths = (
			);
			name = "[CP] Copy Pods Resources";
			outputPaths = (
			);
			runOnlyForDeploymentPostprocessing = 0;
			shellPath = /bin/sh;
			shellScript = "\"${SRCROOT}/Pods/Target Support Files/Pods-PulldownMenu/Pods-PulldownMenu-resources.sh\"\n";
			showEnvVarsInLog = 0;
		};
		878B1740D7A651FAA6EEFC1D /* [CP] Embed Pods Frameworks */ = {
			isa = PBXShellScriptBuildPhase;
			buildActionMask = 2147483647;
			files = (
			);
			inputPaths = (
			);
			name = "[CP] Embed Pods Frameworks";
			outputPaths = (
			);
			runOnlyForDeploymentPostprocessing = 0;
			shellPath = /bin/sh;
			shellScript = "\"${SRCROOT}/Pods/Target Support Files/Pods-PulldownMenu/Pods-PulldownMenu-frameworks.sh\"\n";
			showEnvVarsInLog = 0;
		};
/* End PBXShellScriptBuildPhase section */

/* Begin PBXSourcesBuildPhase section */
		480EDBBE1DC2F2E0003B2ACB /* Sources */ = {
			isa = PBXSourcesBuildPhase;
			buildActionMask = 2147483647;
			files = (
				487DF7D21DE5C14800A6A8B8 /* dropModel.m in Sources */,
				4833CB7B1DED5F8E005803C8 /* FirstStyleCollectionViewCell.m in Sources */,
				4833CB7E1DED5FC2005803C8 /* CellModel.m in Sources */,
				4845C8B31DD99A95009A7436 /* CVEDropView.m in Sources */,
				4845C8B21DD99A95009A7436 /* CVEDropDownBtnView.m in Sources */,
				480EDBCD1DC2F2E0003B2ACB /* ViewController.m in Sources */,
				4829BCBB1DEE6F0400CD0C54 /* SecondaryListView.m in Sources */,
				4833CB811DED65AE005803C8 /* SecondStyleCollectionViewCell.m in Sources */,
				4845C8B61DD9A571009A7436 /* DropDownViewController.m in Sources */,
				480EDBCA1DC2F2E0003B2ACB /* AppDelegate.m in Sources */,
				480EDBC71DC2F2E0003B2ACB /* main.m in Sources */,
			);
			runOnlyForDeploymentPostprocessing = 0;
		};
		480EDBD71DC2F2E1003B2ACB /* Sources */ = {
			isa = PBXSourcesBuildPhase;
			buildActionMask = 2147483647;
			files = (
				480EDBE01DC2F2E1003B2ACB /* PulldownMenuTests.m in Sources */,
			);
			runOnlyForDeploymentPostprocessing = 0;
		};
		480EDBE21DC2F2E1003B2ACB /* Sources */ = {
			isa = PBXSourcesBuildPhase;
			buildActionMask = 2147483647;
			files = (
				480EDBEB1DC2F2E1003B2ACB /* PulldownMenuUITests.m in Sources */,
			);
			runOnlyForDeploymentPostprocessing = 0;
		};
/* End PBXSourcesBuildPhase section */

/* Begin PBXTargetDependency section */
		480EDBDD1DC2F2E1003B2ACB /* PBXTargetDependency */ = {
			isa = PBXTargetDependency;
			target = 480EDBC11DC2F2E0003B2ACB /* PulldownMenu */;
			targetProxy = 480EDBDC1DC2F2E1003B2ACB /* PBXContainerItemProxy */;
		};
		480EDBE81DC2F2E1003B2ACB /* PBXTargetDependency */ = {
			isa = PBXTargetDependency;
			target = 480EDBC11DC2F2E0003B2ACB /* PulldownMenu */;
			targetProxy = 480EDBE71DC2F2E1003B2ACB /* PBXContainerItemProxy */;
		};
/* End PBXTargetDependency section */

/* Begin PBXVariantGroup section */
		480EDBCE1DC2F2E0003B2ACB /* Main.storyboard */ = {
			isa = PBXVariantGroup;
			children = (
				480EDBCF1DC2F2E0003B2ACB /* Base */,
			);
			name = Main.storyboard;
			sourceTree = "<group>";
		};
		480EDBD31DC2F2E0003B2ACB /* LaunchScreen.storyboard */ = {
			isa = PBXVariantGroup;
			children = (
				480EDBD41DC2F2E0003B2ACB /* Base */,
			);
			name = LaunchScreen.storyboard;
			sourceTree = "<group>";
		};
/* End PBXVariantGroup section */

/* Begin XCBuildConfiguration section */
		480EDBED1DC2F2E1003B2ACB /* Debug */ = {
			isa = XCBuildConfiguration;
			buildSettings = {
				ALWAYS_SEARCH_USER_PATHS = NO;
				CLANG_ANALYZER_NONNULL = YES;
				CLANG_CXX_LANGUAGE_STANDARD = "gnu++0x";
				CLANG_CXX_LIBRARY = "libc++";
				CLANG_ENABLE_MODULES = YES;
				CLANG_ENABLE_OBJC_ARC = YES;
				CLANG_WARN_BOOL_CONVERSION = YES;
				CLANG_WARN_CONSTANT_CONVERSION = YES;
				CLANG_WARN_DIRECT_OBJC_ISA_USAGE = YES_ERROR;
				CLANG_WARN_DOCUMENTATION_COMMENTS = YES;
				CLANG_WARN_EMPTY_BODY = YES;
				CLANG_WARN_ENUM_CONVERSION = YES;
				CLANG_WARN_INFINITE_RECURSION = YES;
				CLANG_WARN_INT_CONVERSION = YES;
				CLANG_WARN_OBJC_ROOT_CLASS = YES_ERROR;
				CLANG_WARN_SUSPICIOUS_MOVES = YES;
				CLANG_WARN_UNREACHABLE_CODE = YES;
				CLANG_WARN__DUPLICATE_METHOD_MATCH = YES;
				"CODE_SIGN_IDENTITY[sdk=iphoneos*]" = "iPhone Developer";
				COPY_PHASE_STRIP = NO;
				DEBUG_INFORMATION_FORMAT = dwarf;
				ENABLE_STRICT_OBJC_MSGSEND = YES;
				ENABLE_TESTABILITY = YES;
				GCC_C_LANGUAGE_STANDARD = gnu99;
				GCC_DYNAMIC_NO_PIC = NO;
				GCC_NO_COMMON_BLOCKS = YES;
				GCC_OPTIMIZATION_LEVEL = 0;
				GCC_PREPROCESSOR_DEFINITIONS = (
					"DEBUG=1",
					"$(inherited)",
				);
				GCC_WARN_64_TO_32_BIT_CONVERSION = YES;
				GCC_WARN_ABOUT_RETURN_TYPE = YES_ERROR;
				GCC_WARN_UNDECLARED_SELECTOR = YES;
				GCC_WARN_UNINITIALIZED_AUTOS = YES_AGGRESSIVE;
				GCC_WARN_UNUSED_FUNCTION = YES;
				GCC_WARN_UNUSED_VARIABLE = YES;
				IPHONEOS_DEPLOYMENT_TARGET = 10.0;
				MTL_ENABLE_DEBUG_INFO = YES;
				ONLY_ACTIVE_ARCH = YES;
				SDKROOT = iphoneos;
				TARGETED_DEVICE_FAMILY = "1,2";
			};
			name = Debug;
		};
		480EDBEE1DC2F2E1003B2ACB /* Release */ = {
			isa = XCBuildConfiguration;
			buildSettings = {
				ALWAYS_SEARCH_USER_PATHS = NO;
				CLANG_ANALYZER_NONNULL = YES;
				CLANG_CXX_LANGUAGE_STANDARD = "gnu++0x";
				CLANG_CXX_LIBRARY = "libc++";
				CLANG_ENABLE_MODULES = YES;
				CLANG_ENABLE_OBJC_ARC = YES;
				CLANG_WARN_BOOL_CONVERSION = YES;
				CLANG_WARN_CONSTANT_CONVERSION = YES;
				CLANG_WARN_DIRECT_OBJC_ISA_USAGE = YES_ERROR;
				CLANG_WARN_DOCUMENTATION_COMMENTS = YES;
				CLANG_WARN_EMPTY_BODY = YES;
				CLANG_WARN_ENUM_CONVERSION = YES;
				CLANG_WARN_INFINITE_RECURSION = YES;
				CLANG_WARN_INT_CONVERSION = YES;
				CLANG_WARN_OBJC_ROOT_CLASS = YES_ERROR;
				CLANG_WARN_SUSPICIOUS_MOVES = YES;
				CLANG_WARN_UNREACHABLE_CODE = YES;
				CLANG_WARN__DUPLICATE_METHOD_MATCH = YES;
				"CODE_SIGN_IDENTITY[sdk=iphoneos*]" = "iPhone Developer";
				COPY_PHASE_STRIP = NO;
				DEBUG_INFORMATION_FORMAT = "dwarf-with-dsym";
				ENABLE_NS_ASSERTIONS = NO;
				ENABLE_STRICT_OBJC_MSGSEND = YES;
				GCC_C_LANGUAGE_STANDARD = gnu99;
				GCC_NO_COMMON_BLOCKS = YES;
				GCC_WARN_64_TO_32_BIT_CONVERSION = YES;
				GCC_WARN_ABOUT_RETURN_TYPE = YES_ERROR;
				GCC_WARN_UNDECLARED_SELECTOR = YES;
				GCC_WARN_UNINITIALIZED_AUTOS = YES_AGGRESSIVE;
				GCC_WARN_UNUSED_FUNCTION = YES;
				GCC_WARN_UNUSED_VARIABLE = YES;
				IPHONEOS_DEPLOYMENT_TARGET = 10.0;
				MTL_ENABLE_DEBUG_INFO = NO;
				SDKROOT = iphoneos;
				TARGETED_DEVICE_FAMILY = "1,2";
				VALIDATE_PRODUCT = YES;
			};
			name = Release;
		};
		480EDBF01DC2F2E1003B2ACB /* Debug */ = {
			isa = XCBuildConfiguration;
			baseConfigurationReference = E8CF4C04C3E1E7EFCE823410 /* Pods-PulldownMenu.debug.xcconfig */;
			buildSettings = {
				ASSETCATALOG_COMPILER_APPICON_NAME = AppIcon;
				DEVELOPMENT_TEAM = WZ8U62TZZ9;
				GCC_PREFIX_HEADER = "$(SRCROOT)/PulldownMenu/PrefixHeader.pch";
				INFOPLIST_FILE = PulldownMenu/Info.plist;
				LD_RUNPATH_SEARCH_PATHS = "$(inherited) @executable_path/Frameworks";
				PRODUCT_BUNDLE_IDENTIFIER = com.cj.PulldownMenu;
				PRODUCT_NAME = "$(TARGET_NAME)";
			};
			name = Debug;
		};
		480EDBF11DC2F2E1003B2ACB /* Release */ = {
			isa = XCBuildConfiguration;
			baseConfigurationReference = 862F3B0FA96A9812CF1B174A /* Pods-PulldownMenu.release.xcconfig */;
			buildSettings = {
				ASSETCATALOG_COMPILER_APPICON_NAME = AppIcon;
				DEVELOPMENT_TEAM = WZ8U62TZZ9;
				GCC_PREFIX_HEADER = "$(SRCROOT)/PulldownMenu/PrefixHeader.pch";
				INFOPLIST_FILE = PulldownMenu/Info.plist;
				LD_RUNPATH_SEARCH_PATHS = "$(inherited) @executable_path/Frameworks";
				PRODUCT_BUNDLE_IDENTIFIER = com.cj.PulldownMenu;
				PRODUCT_NAME = "$(TARGET_NAME)";
			};
			name = Release;
		};
		480EDBF31DC2F2E1003B2ACB /* Debug */ = {
			isa = XCBuildConfiguration;
			buildSettings = {
				BUNDLE_LOADER = "$(TEST_HOST)";
				DEVELOPMENT_TEAM = WZ8U62TZZ9;
				INFOPLIST_FILE = PulldownMenuTests/Info.plist;
				LD_RUNPATH_SEARCH_PATHS = "$(inherited) @executable_path/Frameworks @loader_path/Frameworks";
				PRODUCT_BUNDLE_IDENTIFIER = com.cj.PulldownMenuTests;
				PRODUCT_NAME = "$(TARGET_NAME)";
				TEST_HOST = "$(BUILT_PRODUCTS_DIR)/PulldownMenu.app/PulldownMenu";
			};
			name = Debug;
		};
		480EDBF41DC2F2E1003B2ACB /* Release */ = {
			isa = XCBuildConfiguration;
			buildSettings = {
				BUNDLE_LOADER = "$(TEST_HOST)";
				DEVELOPMENT_TEAM = WZ8U62TZZ9;
				INFOPLIST_FILE = PulldownMenuTests/Info.plist;
				LD_RUNPATH_SEARCH_PATHS = "$(inherited) @executable_path/Frameworks @loader_path/Frameworks";
				PRODUCT_BUNDLE_IDENTIFIER = com.cj.PulldownMenuTests;
				PRODUCT_NAME = "$(TARGET_NAME)";
				TEST_HOST = "$(BUILT_PRODUCTS_DIR)/PulldownMenu.app/PulldownMenu";
			};
			name = Release;
		};
		480EDBF61DC2F2E1003B2ACB /* Debug */ = {
			isa = XCBuildConfiguration;
			buildSettings = {
				DEVELOPMENT_TEAM = WZ8U62TZZ9;
				INFOPLIST_FILE = PulldownMenuUITests/Info.plist;
				LD_RUNPATH_SEARCH_PATHS = "$(inherited) @executable_path/Frameworks @loader_path/Frameworks";
				PRODUCT_BUNDLE_IDENTIFIER = com.cj.PulldownMenuUITests;
				PRODUCT_NAME = "$(TARGET_NAME)";
				TEST_TARGET_NAME = PulldownMenu;
			};
			name = Debug;
		};
		480EDBF71DC2F2E1003B2ACB /* Release */ = {
			isa = XCBuildConfiguration;
			buildSettings = {
				DEVELOPMENT_TEAM = WZ8U62TZZ9;
				INFOPLIST_FILE = PulldownMenuUITests/Info.plist;
				LD_RUNPATH_SEARCH_PATHS = "$(inherited) @executable_path/Frameworks @loader_path/Frameworks";
				PRODUCT_BUNDLE_IDENTIFIER = com.cj.PulldownMenuUITests;
				PRODUCT_NAME = "$(TARGET_NAME)";
				TEST_TARGET_NAME = PulldownMenu;
			};
			name = Release;
		};
/* End XCBuildConfiguration section */

/* Begin XCConfigurationList section */
		480EDBBD1DC2F2DF003B2ACB /* Build configuration list for PBXProject "PulldownMenu" */ = {
			isa = XCConfigurationList;
			buildConfigurations = (
				480EDBED1DC2F2E1003B2ACB /* Debug */,
				480EDBEE1DC2F2E1003B2ACB /* Release */,
			);
			defaultConfigurationIsVisible = 0;
			defaultConfigurationName = Release;
		};
		480EDBEF1DC2F2E1003B2ACB /* Build configuration list for PBXNativeTarget "PulldownMenu" */ = {
			isa = XCConfigurationList;
			buildConfigurations = (
				480EDBF01DC2F2E1003B2ACB /* Debug */,
				480EDBF11DC2F2E1003B2ACB /* Release */,
			);
			defaultConfigurationIsVisible = 0;
			defaultConfigurationName = Release;
		};
		480EDBF21DC2F2E1003B2ACB /* Build configuration list for PBXNativeTarget "PulldownMenuTests" */ = {
			isa = XCConfigurationList;
			buildConfigurations = (
				480EDBF31DC2F2E1003B2ACB /* Debug */,
				480EDBF41DC2F2E1003B2ACB /* Release */,
			);
			defaultConfigurationIsVisible = 0;
			defaultConfigurationName = Release;
		};
		480EDBF51DC2F2E1003B2ACB /* Build configuration list for PBXNativeTarget "PulldownMenuUITests" */ = {
			isa = XCConfigurationList;
			buildConfigurations = (
				480EDBF61DC2F2E1003B2ACB /* Debug */,
				480EDBF71DC2F2E1003B2ACB /* Release */,
			);
			defaultConfigurationIsVisible = 0;
			defaultConfigurationName = Release;
		};
/* End XCConfigurationList section */
	};
	rootObject = 480EDBBA1DC2F2DF003B2ACB /* Project object */;
}
